
Microsoft Visual Studio Solution File, Format Version 12.00
# Visual Studio 15
VisualStudioVersion = 15.0.28010.2016
MinimumVisualStudioVersion = 10.0.40219.1
Project("{FAE04EC0-301F-11D3-BF4B-00C04F79EFBC}") = "TranslationMod", "TranslationMod\TranslationMod.csproj", "{6CD2692E-E4F0-47BB-AEA6-71FEB5F21EF6}"
EndProject
Global
	GlobalSection(SolutionConfigurationPlatforms) = preSolution
		Debug|Any CPU = Debug|Any CPU
		Release|Any CPU = Release|Any CPU
	EndGlobalSection
	GlobalSection(ProjectConfigurationPlatforms) = postSolution
		{6CD2692E-E4F0-47BB-AEA6-71FEB5F21EF6}.Debug|Any CPU.ActiveCfg = Debug|Any CPU
		{6CD2692E-E4F0-47BB-AEA6-71FEB5F21EF6}.Debug|Any CPU.Build.0 = Debug|Any CPU
		{6CD2692E-E4F0-47BB-AEA6-71FEB5F21EF6}.Release|Any CPU.ActiveCfg = Release|Any CPU
		{6CD2692E-E4F0-47BB-AEA6-71FEB5F21EF6}.Release|Any CPU.Build.0 = Release|Any CPU
	EndGlobalSection
	GlobalSection(SolutionProperties) = preSolution
		HideSolutionNode = FALSE
	EndGlobalSection
	GlobalSection(ExtensibilityGlobals) = postSolution
		SolutionGuid = {C214540E-77DB-48BD-8D21-4DC2CD3ED314}
	EndGlobalSection
EndGlobal
